
Microsoft Visual Studio Solution File, Format Version 12.00
# Visual Studio Version 17
Project("{8BC9CEB8-8B4A-11D0-8D11-00A0C91BC942}") = "ALL_BUILD", "ALL_BUILD.vcxproj", "{16B73577-54D3-3FB8-9BCB-333A876E24FF}"
	ProjectSection(ProjectDependencies) = postProject
		{535854DF-AA3B-3C58-B061-0A9ECD4A3D29} = {535854DF-AA3B-3C58-B061-0A9ECD4A3D29}
		{7F58C932-FDD4-3592-B265-1F1C0BB796E2} = {7F58C932-FDD4-3592-B265-1F1C0BB796E2}
		{4F4A2DBC-E554-3984-94D2-D589A4605A0A} = {4F4A2DBC-E554-3984-94D2-D589A4605A0A}
		{81348882-E7BA-382C-9396-594AC5D44AD1} = {81348882-E7BA-382C-9396-594AC5D44AD1}
		{88BFDCD3-FF6E-3595-8B45-5313402BEEB5} = {88BFDCD3-FF6E-3595-8B45-5313402BEEB5}
		{EA2899D3-FD9C-3999-BCDE-F12BC0B76CC3} = {EA2899D3-FD9C-3999-BCDE-F12BC0B76CC3}
		{0E1BC8BB-682C-3319-B852-48762FDB5D99} = {0E1BC8BB-682C-3319-B852-48762FDB5D99}
		{42818061-F204-380D-AE39-AD1626A8BEE5} = {42818061-F204-380D-AE39-AD1626A8BEE5}
		{74B37741-6E8C-31C9-8F8C-9D68E645E37F} = {74B37741-6E8C-31C9-8F8C-9D68E645E37F}
		{60A91051-C43D-3065-8653-72ABB1123EAE} = {60A91051-C43D-3065-8653-72ABB1123EAE}
	EndProjectSection
EndProject
Project("{8BC9CEB8-8B4A-11D0-8D11-00A0C91BC942}") = "INSTALL", "INSTALL.vcxproj", "{B3A48736-49B2-3A70-BF2F-87CA1598CF97}"
	ProjectSection(ProjectDependencies) = postProject
		{16B73577-54D3-3FB8-9BCB-333A876E24FF} = {16B73577-54D3-3FB8-9BCB-333A876E24FF}
		{535854DF-AA3B-3C58-B061-0A9ECD4A3D29} = {535854DF-AA3B-3C58-B061-0A9ECD4A3D29}
	EndProjectSection
EndProject
Project("{8BC9CEB8-8B4A-11D0-8D11-00A0C91BC942}") = "ZERO_CHECK", "ZERO_CHECK.vcxproj", "{535854DF-AA3B-3C58-B061-0A9ECD4A3D29}"
	ProjectSection(ProjectDependencies) = postProject
	EndProjectSection
EndProject
Project("{8BC9CEB8-8B4A-11D0-8D11-00A0C91BC942}") = "signal_engine_bench", "signal_engine_bench.vcxproj", "{7F58C932-FDD4-3592-B265-1F1C0BB796E2}"
	ProjectSection(ProjectDependencies) = postProject
		{535854DF-AA3B-3C58-B061-0A9ECD4A3D29} = {535854DF-AA3B-3C58-B061-0A9ECD4A3D29}
		{81348882-E7BA-382C-9396-594AC5D44AD1} = {81348882-E7BA-382C-9396-594AC5D44AD1}
	EndProjectSection
EndProject
Project("{8BC9CEB8-8B4A-11D0-8D11-00A0C91BC942}") = "signal_engine_cli", "signal_engine_cli.vcxproj", "{4F4A2DBC-E554-3984-94D2-D589A4605A0A}"
	ProjectSection(ProjectDependencies) = postProject
		{535854DF-AA3B-3C58-B061-0A9ECD4A3D29} = {535854DF-AA3B-3C58-B061-0A9ECD4A3D29}
		{81348882-E7BA-382C-9396-594AC5D44AD1} = {81348882-E7BA-382C-9396-594AC5D44AD1}
	EndProjectSection
EndProject
Project("{8BC9CEB8-8B4A-11D0-8D11-00A0C91BC942}") = "signal_engine_lib", "signal_engine_lib.vcxproj", "{81348882-E7BA-382C-9396-594AC5D44AD1}"
	ProjectSection(ProjectDependencies) = postProject
		{535854DF-AA3B-3C58-B061-0A9ECD4A3D29} = {535854DF-AA3B-3C58-B061-0A9ECD4A3D29}
	EndProjectSection
EndProject
Project("{8BC9CEB8-8B4A-11D0-8D11-00A0C91BC942}") = "signal_engine_tests", "signal_engine_tests.vcxproj", "{35C42602-CA7A-3183-92B9-16598DD75B64}"
	ProjectSection(ProjectDependencies) = postProject
		{535854DF-AA3B-3C58-B061-0A9ECD4A3D29} = {535854DF-AA3B-3C58-B061-0A9ECD4A3D29}
		{88BFDCD3-FF6E-3595-8B45-5313402BEEB5} = {88BFDCD3-FF6E-3595-8B45-5313402BEEB5}
		{EA2899D3-FD9C-3999-BCDE-F12BC0B76CC3} = {EA2899D3-FD9C-3999-BCDE-F12BC0B76CC3}
		{0E1BC8BB-682C-3319-B852-48762FDB5D99} = {0E1BC8BB-682C-3319-B852-48762FDB5D99}
		{42818061-F204-380D-AE39-AD1626A8BEE5} = {42818061-F204-380D-AE39-AD1626A8BEE5}
		{74B37741-6E8C-31C9-8F8C-9D68E645E37F} = {74B37741-6E8C-31C9-8F8C-9D68E645E37F}
		{60A91051-C43D-3065-8653-72ABB1123EAE} = {60A91051-C43D-3065-8653-72ABB1123EAE}
	EndProjectSection
EndProject
Project("{8BC9CEB8-8B4A-11D0-8D11-00A0C91BC942}") = "test_bh_physics", "test_bh_physics.vcxproj", "{88BFDCD3-FF6E-3595-8B45-5313402BEEB5}"
	ProjectSection(ProjectDependencies) = postProject
		{535854DF-AA3B-3C58-B061-0A9ECD4A3D29} = {535854DF-AA3B-3C58-B061-0A9ECD4A3D29}
		{81348882-E7BA-382C-9396-594AC5D44AD1} = {81348882-E7BA-382C-9396-594AC5D44AD1}
	EndProjectSection
EndProject
Project("{8BC9CEB8-8B4A-11D0-8D11-00A0C91BC942}") = "test_garch", "test_garch.vcxproj", "{EA2899D3-FD9C-3999-BCDE-F12BC0B76CC3}"
	ProjectSection(ProjectDependencies) = postProject
		{535854DF-AA3B-3C58-B061-0A9ECD4A3D29} = {535854DF-AA3B-3C58-B061-0A9ECD4A3D29}
		{81348882-E7BA-382C-9396-594AC5D44AD1} = {81348882-E7BA-382C-9396-594AC5D44AD1}
	EndProjectSection
EndProject
Project("{8BC9CEB8-8B4A-11D0-8D11-00A0C91BC942}") = "test_indicators", "test_indicators.vcxproj", "{0E1BC8BB-682C-3319-B852-48762FDB5D99}"
	ProjectSection(ProjectDependencies) = postProject
		{535854DF-AA3B-3C58-B061-0A9ECD4A3D29} = {535854DF-AA3B-3C58-B061-0A9ECD4A3D29}
		{81348882-E7BA-382C-9396-594AC5D44AD1} = {81348882-E7BA-382C-9396-594AC5D44AD1}
	EndProjectSection
EndProject
Project("{8BC9CEB8-8B4A-11D0-8D11-00A0C91BC942}") = "test_performance", "test_performance.vcxproj", "{42818061-F204-380D-AE39-AD1626A8BEE5}"
	ProjectSection(ProjectDependencies) = postProject
		{535854DF-AA3B-3C58-B061-0A9ECD4A3D29} = {535854DF-AA3B-3C58-B061-0A9ECD4A3D29}
		{81348882-E7BA-382C-9396-594AC5D44AD1} = {81348882-E7BA-382C-9396-594AC5D44AD1}
	EndProjectSection
EndProject
Project("{8BC9CEB8-8B4A-11D0-8D11-00A0C91BC942}") = "test_quat_nav", "test_quat_nav.vcxproj", "{74B37741-6E8C-31C9-8F8C-9D68E645E37F}"
	ProjectSection(ProjectDependencies) = postProject
		{535854DF-AA3B-3C58-B061-0A9ECD4A3D29} = {535854DF-AA3B-3C58-B061-0A9ECD4A3D29}
		{81348882-E7BA-382C-9396-594AC5D44AD1} = {81348882-E7BA-382C-9396-594AC5D44AD1}
	EndProjectSection
EndProject
Project("{8BC9CEB8-8B4A-11D0-8D11-00A0C91BC942}") = "test_ring_buffer", "test_ring_buffer.vcxproj", "{60A91051-C43D-3065-8653-72ABB1123EAE}"
	ProjectSection(ProjectDependencies) = postProject
		{535854DF-AA3B-3C58-B061-0A9ECD4A3D29} = {535854DF-AA3B-3C58-B061-0A9ECD4A3D29}
		{81348882-E7BA-382C-9396-594AC5D44AD1} = {81348882-E7BA-382C-9396-594AC5D44AD1}
	EndProjectSection
EndProject
Global
	GlobalSection(SolutionConfigurationPlatforms) = preSolution
		Debug|x64 = Debug|x64
		Release|x64 = Release|x64
		MinSizeRel|x64 = MinSizeRel|x64
		RelWithDebInfo|x64 = RelWithDebInfo|x64
	EndGlobalSection
	GlobalSection(ProjectConfigurationPlatforms) = postSolution
		{16B73577-54D3-3FB8-9BCB-333A876E24FF}.Debug|x64.ActiveCfg = Debug|x64
		{16B73577-54D3-3FB8-9BCB-333A876E24FF}.Debug|x64.Build.0 = Debug|x64
		{16B73577-54D3-3FB8-9BCB-333A876E24FF}.Release|x64.ActiveCfg = Release|x64
		{16B73577-54D3-3FB8-9BCB-333A876E24FF}.Release|x64.Build.0 = Release|x64
		{16B73577-54D3-3FB8-9BCB-333A876E24FF}.MinSizeRel|x64.ActiveCfg = MinSizeRel|x64
		{16B73577-54D3-3FB8-9BCB-333A876E24FF}.MinSizeRel|x64.Build.0 = MinSizeRel|x64
		{16B73577-54D3-3FB8-9BCB-333A876E24FF}.RelWithDebInfo|x64.ActiveCfg = RelWithDebInfo|x64
		{16B73577-54D3-3FB8-9BCB-333A876E24FF}.RelWithDebInfo|x64.Build.0 = RelWithDebInfo|x64
		{B3A48736-49B2-3A70-BF2F-87CA1598CF97}.Debug|x64.ActiveCfg = Debug|x64
		{B3A48736-49B2-3A70-BF2F-87CA1598CF97}.Release|x64.ActiveCfg = Release|x64
		{B3A48736-49B2-3A70-BF2F-87CA1598CF97}.MinSizeRel|x64.ActiveCfg = MinSizeRel|x64
		{B3A48736-49B2-3A70-BF2F-87CA1598CF97}.RelWithDebInfo|x64.ActiveCfg = RelWithDebInfo|x64
		{535854DF-AA3B-3C58-B061-0A9ECD4A3D29}.Debug|x64.ActiveCfg = Debug|x64
		{535854DF-AA3B-3C58-B061-0A9ECD4A3D29}.Debug|x64.Build.0 = Debug|x64
		{535854DF-AA3B-3C58-B061-0A9ECD4A3D29}.Release|x64.ActiveCfg = Release|x64
		{535854DF-AA3B-3C58-B061-0A9ECD4A3D29}.Release|x64.Build.0 = Release|x64
		{535854DF-AA3B-3C58-B061-0A9ECD4A3D29}.MinSizeRel|x64.ActiveCfg = MinSizeRel|x64
		{535854DF-AA3B-3C58-B061-0A9ECD4A3D29}.MinSizeRel|x64.Build.0 = MinSizeRel|x64
		{535854DF-AA3B-3C58-B061-0A9ECD4A3D29}.RelWithDebInfo|x64.ActiveCfg = RelWithDebInfo|x64
		{535854DF-AA3B-3C58-B061-0A9ECD4A3D29}.RelWithDebInfo|x64.Build.0 = RelWithDebInfo|x64
		{7F58C932-FDD4-3592-B265-1F1C0BB796E2}.Debug|x64.ActiveCfg = Debug|x64
		{7F58C932-FDD4-3592-B265-1F1C0BB796E2}.Debug|x64.Build.0 = Debug|x64
		{7F58C932-FDD4-3592-B265-1F1C0BB796E2}.Release|x64.ActiveCfg = Release|x64
		{7F58C932-FDD4-3592-B265-1F1C0BB796E2}.Release|x64.Build.0 = Release|x64
		{7F58C932-FDD4-3592-B265-1F1C0BB796E2}.MinSizeRel|x64.ActiveCfg = MinSizeRel|x64
		{7F58C932-FDD4-3592-B265-1F1C0BB796E2}.MinSizeRel|x64.Build.0 = MinSizeRel|x64
		{7F58C932-FDD4-3592-B265-1F1C0BB796E2}.RelWithDebInfo|x64.ActiveCfg = RelWithDebInfo|x64
		{7F58C932-FDD4-3592-B265-1F1C0BB796E2}.RelWithDebInfo|x64.Build.0 = RelWithDebInfo|x64
		{4F4A2DBC-E554-3984-94D2-D589A4605A0A}.Debug|x64.ActiveCfg = Debug|x64
		{4F4A2DBC-E554-3984-94D2-D589A4605A0A}.Debug|x64.Build.0 = Debug|x64
		{4F4A2DBC-E554-3984-94D2-D589A4605A0A}.Release|x64.ActiveCfg = Release|x64
		{4F4A2DBC-E554-3984-94D2-D589A4605A0A}.Release|x64.Build.0 = Release|x64
		{4F4A2DBC-E554-3984-94D2-D589A4605A0A}.MinSizeRel|x64.ActiveCfg = MinSizeRel|x64
		{4F4A2DBC-E554-3984-94D2-D589A4605A0A}.MinSizeRel|x64.Build.0 = MinSizeRel|x64
		{4F4A2DBC-E554-3984-94D2-D589A4605A0A}.RelWithDebInfo|x64.ActiveCfg = RelWithDebInfo|x64
		{4F4A2DBC-E554-3984-94D2-D589A4605A0A}.RelWithDebInfo|x64.Build.0 = RelWithDebInfo|x64
		{81348882-E7BA-382C-9396-594AC5D44AD1}.Debug|x64.ActiveCfg = Debug|x64
		{81348882-E7BA-382C-9396-594AC5D44AD1}.Debug|x64.Build.0 = Debug|x64
		{81348882-E7BA-382C-9396-594AC5D44AD1}.Release|x64.ActiveCfg = Release|x64
		{81348882-E7BA-382C-9396-594AC5D44AD1}.Release|x64.Build.0 = Release|x64
		{81348882-E7BA-382C-9396-594AC5D44AD1}.MinSizeRel|x64.ActiveCfg = MinSizeRel|x64
		{81348882-E7BA-382C-9396-594AC5D44AD1}.MinSizeRel|x64.Build.0 = MinSizeRel|x64
		{81348882-E7BA-382C-9396-594AC5D44AD1}.RelWithDebInfo|x64.ActiveCfg = RelWithDebInfo|x64
		{81348882-E7BA-382C-9396-594AC5D44AD1}.RelWithDebInfo|x64.Build.0 = RelWithDebInfo|x64
		{35C42602-CA7A-3183-92B9-16598DD75B64}.Debug|x64.ActiveCfg = Debug|x64
		{35C42602-CA7A-3183-92B9-16598DD75B64}.Release|x64.ActiveCfg = Release|x64
		{35C42602-CA7A-3183-92B9-16598DD75B64}.MinSizeRel|x64.ActiveCfg = MinSizeRel|x64
		{35C42602-CA7A-3183-92B9-16598DD75B64}.RelWithDebInfo|x64.ActiveCfg = RelWithDebInfo|x64
		{88BFDCD3-FF6E-3595-8B45-5313402BEEB5}.Debug|x64.ActiveCfg = Debug|x64
		{88BFDCD3-FF6E-3595-8B45-5313402BEEB5}.Debug|x64.Build.0 = Debug|x64
		{88BFDCD3-FF6E-3595-8B45-5313402BEEB5}.Release|x64.ActiveCfg = Release|x64
		{88BFDCD3-FF6E-3595-8B45-5313402BEEB5}.Release|x64.Build.0 = Release|x64
		{88BFDCD3-FF6E-3595-8B45-5313402BEEB5}.MinSizeRel|x64.ActiveCfg = MinSizeRel|x64
		{88BFDCD3-FF6E-3595-8B45-5313402BEEB5}.MinSizeRel|x64.Build.0 = MinSizeRel|x64
		{88BFDCD3-FF6E-3595-8B45-5313402BEEB5}.RelWithDebInfo|x64.ActiveCfg = RelWithDebInfo|x64
		{88BFDCD3-FF6E-3595-8B45-5313402BEEB5}.RelWithDebInfo|x64.Build.0 = RelWithDebInfo|x64
		{EA2899D3-FD9C-3999-BCDE-F12BC0B76CC3}.Debug|x64.ActiveCfg = Debug|x64
		{EA2899D3-FD9C-3999-BCDE-F12BC0B76CC3}.Debug|x64.Build.0 = Debug|x64
		{EA2899D3-FD9C-3999-BCDE-F12BC0B76CC3}.Release|x64.ActiveCfg = Release|x64
		{EA2899D3-FD9C-3999-BCDE-F12BC0B76CC3}.Release|x64.Build.0 = Release|x64
		{EA2899D3-FD9C-3999-BCDE-F12BC0B76CC3}.MinSizeRel|x64.ActiveCfg = MinSizeRel|x64
		{EA2899D3-FD9C-3999-BCDE-F12BC0B76CC3}.MinSizeRel|x64.Build.0 = MinSizeRel|x64
		{EA2899D3-FD9C-3999-BCDE-F12BC0B76CC3}.RelWithDebInfo|x64.ActiveCfg = RelWithDebInfo|x64
		{EA2899D3-FD9C-3999-BCDE-F12BC0B76CC3}.RelWithDebInfo|x64.Build.0 = RelWithDebInfo|x64
		{0E1BC8BB-682C-3319-B852-48762FDB5D99}.Debug|x64.ActiveCfg = Debug|x64
		{0E1BC8BB-682C-3319-B852-48762FDB5D99}.Debug|x64.Build.0 = Debug|x64
		{0E1BC8BB-682C-3319-B852-48762FDB5D99}.Release|x64.ActiveCfg = Release|x64
		{0E1BC8BB-682C-3319-B852-48762FDB5D99}.Release|x64.Build.0 = Release|x64
		{0E1BC8BB-682C-3319-B852-48762FDB5D99}.MinSizeRel|x64.ActiveCfg = MinSizeRel|x64
		{0E1BC8BB-682C-3319-B852-48762FDB5D99}.MinSizeRel|x64.Build.0 = MinSizeRel|x64
		{0E1BC8BB-682C-3319-B852-48762FDB5D99}.RelWithDebInfo|x64.ActiveCfg = RelWithDebInfo|x64
		{0E1BC8BB-682C-3319-B852-48762FDB5D99}.RelWithDebInfo|x64.Build.0 = RelWithDebInfo|x64
		{42818061-F204-380D-AE39-AD1626A8BEE5}.Debug|x64.ActiveCfg = Debug|x64
		{42818061-F204-380D-AE39-AD1626A8BEE5}.Debug|x64.Build.0 = Debug|x64
		{42818061-F204-380D-AE39-AD1626A8BEE5}.Release|x64.ActiveCfg = Release|x64
		{42818061-F204-380D-AE39-AD1626A8BEE5}.Release|x64.Build.0 = Release|x64
		{42818061-F204-380D-AE39-AD1626A8BEE5}.MinSizeRel|x64.ActiveCfg = MinSizeRel|x64
		{42818061-F204-380D-AE39-AD1626A8BEE5}.MinSizeRel|x64.Build.0 = MinSizeRel|x64
		{42818061-F204-380D-AE39-AD1626A8BEE5}.RelWithDebInfo|x64.ActiveCfg = RelWithDebInfo|x64
		{42818061-F204-380D-AE39-AD1626A8BEE5}.RelWithDebInfo|x64.Build.0 = RelWithDebInfo|x64
		{74B37741-6E8C-31C9-8F8C-9D68E645E37F}.Debug|x64.ActiveCfg = Debug|x64
		{74B37741-6E8C-31C9-8F8C-9D68E645E37F}.Debug|x64.Build.0 = Debug|x64
		{74B37741-6E8C-31C9-8F8C-9D68E645E37F}.Release|x64.ActiveCfg = Release|x64
		{74B37741-6E8C-31C9-8F8C-9D68E645E37F}.Release|x64.Build.0 = Release|x64
		{74B37741-6E8C-31C9-8F8C-9D68E645E37F}.MinSizeRel|x64.ActiveCfg = MinSizeRel|x64
		{74B37741-6E8C-31C9-8F8C-9D68E645E37F}.MinSizeRel|x64.Build.0 = MinSizeRel|x64
		{74B37741-6E8C-31C9-8F8C-9D68E645E37F}.RelWithDebInfo|x64.ActiveCfg = RelWithDebInfo|x64
		{74B37741-6E8C-31C9-8F8C-9D68E645E37F}.RelWithDebInfo|x64.Build.0 = RelWithDebInfo|x64
		{60A91051-C43D-3065-8653-72ABB1123EAE}.Debug|x64.ActiveCfg = Debug|x64
		{60A91051-C43D-3065-8653-72ABB1123EAE}.Debug|x64.Build.0 = Debug|x64
		{60A91051-C43D-3065-8653-72ABB1123EAE}.Release|x64.ActiveCfg = Release|x64
		{60A91051-C43D-3065-8653-72ABB1123EAE}.Release|x64.Build.0 = Release|x64
		{60A91051-C43D-3065-8653-72ABB1123EAE}.MinSizeRel|x64.ActiveCfg = MinSizeRel|x64
		{60A91051-C43D-3065-8653-72ABB1123EAE}.MinSizeRel|x64.Build.0 = MinSizeRel|x64
		{60A91051-C43D-3065-8653-72ABB1123EAE}.RelWithDebInfo|x64.ActiveCfg = RelWithDebInfo|x64
		{60A91051-C43D-3065-8653-72ABB1123EAE}.RelWithDebInfo|x64.Build.0 = RelWithDebInfo|x64
	EndGlobalSection
	GlobalSection(ExtensibilityGlobals) = postSolution
		SolutionGuid = {140E6A90-B49D-344D-98B8-C0A1AD6A30D0}
	EndGlobalSection
	GlobalSection(ExtensibilityAddIns) = postSolution
	EndGlobalSection
EndGlobal
