<?xml version="1.0" encoding="utf-8"?>
<Project ToolsVersion="17.0" xmlns="http://schemas.microsoft.com/developer/msbuild/2003">
  <ItemGroup>
    <CustomBuild Include="C:\Users\Matthew\srfm-lab\cpp\signal-engine\build_qn\CMakeFiles\9b6ce2fea8fdf7b4eeebfb9a552cfee8\generate.stamp.rule">
      <Filter>CMake Rules</Filter>
    </CustomBuild>
  </ItemGroup>
  <ItemGroup>
    <Filter Include="CMake Rules">
      <UniqueIdentifier>{63593A17-7390-32D7-BFA6-CC4480F18F53}</UniqueIdentifier>
    </Filter>
  </ItemGroup>
</Project>
